# THIS IS AN AUTOGENERATED FILE. DO NOT EDIT THIS FILE DIRECTLY.
# yarn lockfile v1


"@types/node@^6.0.46":
  version "6.0.85"
  resolved "http://registry.npm.taobao.org/@types/node/download/@types/node-6.0.85.tgz"
  integrity sha512-6qLZpfQFO/g5Ns2e7RsW6brk0Q6Xzwiw7kVVU/XiQNOiJXSojhX76GP457PBYIsNMH2WfcGgcnZB4awFDHrwpA==

ajv@^4.9.1:
  version "4.11.8"
  resolved "https://registry.npmjs.org/ajv/-/ajv-4.11.8.tgz"
  integrity sha512-I/bSHSNEcFFqXLf91nchoNB9D1Kie3QKcWdchYUaoIg1+1bdWDkdfdlvdIOJbi9U8xR0y+MWc5D+won9v95WlQ==
  dependencies:
    co "^4.6.0"
    json-stable-stringify "^1.0.1"

asap@~2.0.3:
  version "2.0.6"
  resolved "http://registry.npm.taobao.org/asap/download/asap-2.0.6.tgz"
  integrity sha512-BSHWgDSAiKs50o2Re8ppvp3seVHXSRM44cdSsT9FfNEUUZLOGWVCsiWaRPWM1Znn+mqZ1OfVZ3z3DWEzSp7hRA==

asn1@~0.2.3:
  version "0.2.3"
  resolved "https://registry.npmjs.org/asn1/-/asn1-0.2.3.tgz"
  integrity sha512-6i37w/+EhlWlGUJff3T/Q8u1RGmP5wgbiwYnOnbOqvtrPxT63/sYFyP9RcpxtxGymtfA075IvmOnL7ycNOWl3w==

assert-plus@^0.2.0:
  version "0.2.0"
  resolved "https://registry.npmjs.org/assert-plus/-/assert-plus-0.2.0.tgz"
  integrity sha512-u1L0ZLywRziOVjUhRxI0Qg9G+4RnFB9H/Rq40YWn0dieDgO7vAYeJz6jKAO6t/aruzlDFLAPkQTT87e+f8Imaw==

assert-plus@^1.0.0:
  version "1.0.0"
  resolved "https://registry.npmjs.org/assert-plus/-/assert-plus-1.0.0.tgz"
  integrity sha512-NfJ4UzBCcQGLDlQq7nHxH+tv3kyZ0hHQqF5BO6J7tNJeP5do1llPr8dZ8zHonfhAu0PHAdMkSo+8o0wxg9lZWw==

assert-plus@1.0.0:
  version "1.0.0"
  resolved "https://registry.npmjs.org/assert-plus/-/assert-plus-1.0.0.tgz"
  integrity sha512-NfJ4UzBCcQGLDlQq7nHxH+tv3kyZ0hHQqF5BO6J7tNJeP5do1llPr8dZ8zHonfhAu0PHAdMkSo+8o0wxg9lZWw==

asynckit@^0.4.0:
  version "0.4.0"
  resolved "https://registry.npmjs.org/asynckit/-/asynckit-0.4.0.tgz"
  integrity sha512-Oei9OH4tRh0YqU3GxhX79dM/mwVgvbZJaSNaRk+bshkj0S5cfHcgYakreBjrHwatXKbz+IoIdYLxrKim2MjW0Q==

aws-sign2@~0.6.0:
  version "0.6.0"
  resolved "https://registry.npmjs.org/aws-sign2/-/aws-sign2-0.6.0.tgz"
  integrity sha512-JnJpAS0p9RmixkOvW2XwDxxzs1bd4/VAGIl6Q0EC5YOo+p+hqIhtDhn/nmFnB/xUNXbLkpE2mOjgVIBRKD4xYw==

aws4@^1.2.1:
  version "1.6.0"
  resolved "https://registry.npmjs.org/aws4/-/aws4-1.6.0.tgz"
  integrity sha512-tkleq4Df8UWu/7xf/tfbo7t2vDa07bcONGnKhl0QXKQsh3fJ0yJ1M5wzpy8BtBSENQw/9VTsthMhLG+yXHfStQ==

bcrypt-pbkdf@^1.0.0:
  version "1.0.1"
  resolved "https://registry.npmjs.org/bcrypt-pbkdf/-/bcrypt-pbkdf-1.0.1.tgz"
  integrity sha512-vY4sOrSlpwNZXsinfJ0HpbSkFft4nhSVLeUrQ4j2ydGmBOiVY83aMJStJATBy0C3+XdaYa990kIA1qkC2mUq6g==
  dependencies:
    tweetnacl "^0.14.3"

boolbase@~1.0.0:
  version "1.0.0"
  resolved "http://registry.npm.taobao.org/boolbase/download/boolbase-1.0.0.tgz"
  integrity sha512-JZOSA7Mo9sNGB8+UjSgzdLtokWAky1zbztM3WRLCbZ70/3cTANmQmOdR7y2g+J0e2WXywy1yS468tY+IruqEww==

boom@2.x.x:
  version "2.10.1"
  resolved "https://registry.npmjs.org/boom/-/boom-2.10.1.tgz"
  integrity sha512-KbiZEa9/vofNcVJXGwdWWn25reQ3V3dHBWbS07FTF3/TOehLnm9GEhJV4T6ZvGPkShRpmUqYwnaCrkj0mRnP6Q==
  dependencies:
    hoek "2.x.x"

caseless@~0.11.0:
  version "0.11.0"
  resolved "http://registry.npm.taobao.org/caseless/download/caseless-0.11.0.tgz"
  integrity sha512-ODLXH644w9C2fMPAm7bMDQ3GRvipZWZfKc+8As6hIadRIelE0n0xZuN38NS6kiK3KPEVrpymmQD8bvncAHWQkQ==

caseless@~0.12.0:
  version "0.12.0"
  resolved "https://registry.npmjs.org/caseless/-/caseless-0.12.0.tgz"
  integrity sha512-4tYFyifaFfGacoiObjJegolkwSU4xQNGbVgUiNYVUxbQ2x2lUsFvY4hVgVzGiIe6WLOPqycWXA40l+PWsxthUw==

cheerio@^1.0.0-rc.2:
  version "1.0.0-rc.2"
  resolved "http://registry.npm.taobao.org/cheerio/download/cheerio-1.0.0-rc.2.tgz"
  integrity sha512-9LDHQy1jHc/eXMzPN6/oah9Qba4CjdKECC7YYEE/2zge/tsGwt19NQp5NFdfd5Lx6TZlyC5SXNQkG41P9r6XDg==
  dependencies:
    css-select "~1.2.0"
    dom-serializer "~0.1.0"
    entities "~1.1.1"
    htmlparser2 "^3.9.1"
    lodash "^4.15.0"
    parse5 "^3.0.1"

co@^4.6.0:
  version "4.6.0"
  resolved "https://registry.npmjs.org/co/-/co-4.6.0.tgz"
  integrity sha512-QVb0dM5HvG+uaxitm8wONl7jltx8dqhfU33DcqtOZcLSVIKSDDLDi7+0LbAKiyI8hD9u42m2YxXSkMGWThaecQ==

combined-stream@^1.0.5, combined-stream@~1.0.5:
  version "1.0.5"
  resolved "https://registry.npmjs.org/combined-stream/-/combined-stream-1.0.5.tgz"
  integrity sha512-JgSRe4l4UzPwpJuxfcPWEK1SCrL4dxNjp1uqrQLMop3QZUVo+hDU8w9BJKA4JPbulTWI+UzrI2UA3tK12yQ6bg==
  dependencies:
    delayed-stream "~1.0.0"

command-exists@^1.2.2:
  version "1.2.2"
  resolved "http://registry.npm.taobao.org/command-exists/download/command-exists-1.2.2.tgz"
  integrity sha512-5e7IAEMuanKt2PBQeJG3wTCQwPtdWYrfBfZHLTilHsWWqsRcVUuYCy5vgvP4NAb3QqW0UZ9sZDiSogEhoGLpyw==

concat-stream@^1.4.6, concat-stream@^1.4.7, concat-stream@^1.6.0:
  version "1.6.0"
  resolved "http://registry.npm.taobao.org/concat-stream/download/concat-stream-1.6.0.tgz"
  integrity sha512-afaQKFIg+fob6EzbytOlXZZTYrdZWaegQx2b6AWg9MoALXgctIcbRQrjcu6Wsh5801lVXaQYVwBw6vlATW0qPA==
  dependencies:
    inherits "^2.0.3"
    readable-stream "^2.2.2"
    typedarray "^0.0.6"

core-util-is@~1.0.0, core-util-is@1.0.2:
  version "1.0.2"
  resolved "http://registry.npm.taobao.org/core-util-is/download/core-util-is-1.0.2.tgz"
  integrity sha512-3lqz5YjWTYnW6dlDa5TLaTCcShfar1e40rmcJVwCBJC6mWlFuj0eCHIElmG1g5kyuJ/GD+8Wn4FFCcz4gJPfaQ==

cryptiles@2.x.x:
  version "2.0.5"
  resolved "https://registry.npmjs.org/cryptiles/-/cryptiles-2.0.5.tgz"
  integrity sha512-FFN5KwpvvQTTS5hWPxrU8/QE4kQUc6uwZcrnlMBN82t1MgAtq8mnoDwINBly9Tdr02seeIIhtdF+UH1feBYGog==
  dependencies:
    boom "2.x.x"

css-select@~1.2.0:
  version "1.2.0"
  resolved "http://registry.npm.taobao.org/css-select/download/css-select-1.2.0.tgz"
  integrity sha512-dUQOBoqdR7QwV90WysXPLXG5LO7nhYBgiWVfxF80DKPF8zx1t/pUd2FYy73emg3zrjtM6dzmYgbHKfV2rxiHQA==
  dependencies:
    boolbase "~1.0.0"
    css-what "2.1"
    domutils "1.5.1"
    nth-check "~1.0.1"

css-what@2.1:
  version "2.1.0"
  resolved "http://registry.npm.taobao.org/css-what/download/css-what-2.1.0.tgz"
  integrity sha512-HtdI8TqiYjVrBI0C2VLF8fwphIa49EaHPVo64hrX+QHCPBtjp2FW1g4+jNeC6v7bBSr2z7v2USnQ6GU+VPOzgQ==

dashdash@^1.12.0:
  version "1.14.1"
  resolved "https://registry.npmjs.org/dashdash/-/dashdash-1.14.1.tgz"
  integrity sha512-jRFi8UDGo6j+odZiEpjazZaWqEal3w/basFjQHQEwVtZJGDpxbH1MeYluwCS8Xq5wmLJooDlMgvVarmWfGM44g==
  dependencies:
    assert-plus "^1.0.0"

delayed-stream@~1.0.0:
  version "1.0.0"
  resolved "https://registry.npmjs.org/delayed-stream/-/delayed-stream-1.0.0.tgz"
  integrity sha512-ZySD7Nf91aLB0RxL4KGrKHBXl7Eds1DAmEdcoVawXnLD7SDhpNgtuII2aAkg7a7QS41jxPSZ17p4VdGnMHk3MQ==

dom-serializer@~0.1.0, dom-serializer@0:
  version "0.1.0"
  resolved "http://registry.npm.taobao.org/dom-serializer/download/dom-serializer-0.1.0.tgz"
  integrity sha512-Fql7PX6CmQNVmoLfp7DlmvFMIL5cwLbm302SycA2iAMr95t1ITX4ilIsUG75rYtMiVLb4EMC5b2o7ApEpIXROg==
  dependencies:
    domelementtype "~1.1.1"
    entities "~1.1.1"

domelementtype@^1.3.0:
  version "1.3.0"
  resolved "http://registry.npm.taobao.org/domelementtype/download/domelementtype-1.3.0.tgz"
  integrity sha512-hhqPxYi0xK5i9fBMHEgWFxicJy62e5nxy0NdnjGE+DqovMcUsUbIPSkBzZ2O6PwYuwNGTf7bh/DMKmMdATSsTg==

domelementtype@~1.1.1, domelementtype@1:
  version "1.1.3"
  resolved "http://registry.npm.taobao.org/domelementtype/download/domelementtype-1.1.3.tgz"
  integrity sha512-zEvAAsFY0DeHkrqWBRkSsmgaE7yADgpez40JUFjISb+uzSinl2F6QbG4lMEBE4P06gCGF6VnsykmbNgu7ZIHzA==

domhandler@^2.3.0:
  version "2.4.1"
  resolved "http://registry.npm.taobao.org/domhandler/download/domhandler-2.4.1.tgz"
  integrity sha512-j/nPtjIvPTcloeLUJ3FXpck1Ey6jZEyXx2Xni9GiHrBl56cYnSqOGMNzmzspo+U7+m4zncrzs3a42IYSvOig0A==
  dependencies:
    domelementtype "1"

domutils@^1.5.1, domutils@1.5.1:
  version "1.5.1"
  resolved "http://registry.npm.taobao.org/domutils/download/domutils-1.5.1.tgz"
  integrity sha512-gSu5Oi/I+3wDENBsOWBiRK1eoGxcywYSqg3rR960/+EfY0CF4EX1VPkgHOZ3WiS/Jg2DtliF6BhWcHlfpYUcGw==
  dependencies:
    dom-serializer "0"
    domelementtype "1"

ecc-jsbn@~0.1.1:
  version "0.1.1"
  resolved "https://registry.npmjs.org/ecc-jsbn/-/ecc-jsbn-0.1.1.tgz"
  integrity sha512-8Pvg9QY16SYajEL9W1Lk+9yM7XCK/MOq2wibslLZYAAEEkbAIO6mLkW+GFYbvvw8qTuDFzFMg40rS9IxkNCWPg==
  dependencies:
    jsbn "~0.1.0"

entities@^1.1.1, entities@~1.1.1:
  version "1.1.1"
  resolved "http://registry.npm.taobao.org/entities/download/entities-1.1.1.tgz"
  integrity sha512-bWStsIg5+vWzgtKoA/pkAIJzRAeUatnImqcK4CyHd2KoNq3fCg/tHDoE/7e81yRq9Xg8XUSvAcsSaMCp4a3HuQ==

extend@~3.0.0:
  version "3.0.1"
  resolved "https://registry.npmjs.org/extend/-/extend-3.0.1.tgz"
  integrity sha512-u1aUSYGdAQxyguoP919qsgj24krDCtaO/DJFNPwFmojMmKp14gtCTVsc8lQSqRDFrwAch+mxMWC8/6ZJPz5Hpw==

extsprintf@^1.2.0, extsprintf@1.3.0:
  version "1.3.0"
  resolved "https://registry.npmjs.org/extsprintf/-/extsprintf-1.3.0.tgz"
  integrity sha512-11Ndz7Nv+mvAC1j0ktTa7fAb0vLyGGX+rMHNBYQviQDGU0Hw7lhctJANqbPhu9nV9/izT/IntTgZ7Im/9LJs9g==

forever-agent@~0.6.1:
  version "0.6.1"
  resolved "https://registry.npmjs.org/forever-agent/-/forever-agent-0.6.1.tgz"
  integrity sha512-j0KLYPhm6zeac4lz3oJ3o65qvgQCcPubiyotZrXqEaG4hNagNYO8qdlUrX5vwqv9ohqeT/Z3j6+yW067yWWdUw==

form-data@~2.1.1:
  version "2.1.4"
  resolved "https://registry.npmjs.org/form-data/-/form-data-2.1.4.tgz"
  integrity sha512-8HWGSLAPr+AG0hBpsqi5Ob8HrLStN/LWeqhpFl14d7FJgHK48TmgLoALPz69XSUR65YJzDfLUX/BM8+MLJLghQ==
  dependencies:
    asynckit "^0.4.0"
    combined-stream "^1.0.5"
    mime-types "^2.1.12"

get-port@^3.1.0:
  version "3.1.0"
  resolved "http://registry.npm.taobao.org/get-port/download/get-port-3.1.0.tgz"
  integrity sha512-Sv279wcjImdY5NEKSKnbsDTrSdcZ+ts13CeQQFdfFMJAd1DrrWIFr4zGJq6xVGnLqVyl5DElbS3zi73bIjV1dA==

getpass@^0.1.1:
  version "0.1.7"
  resolved "https://registry.npmjs.org/getpass/-/getpass-0.1.7.tgz"
  integrity sha512-0fzj9JxOLfJ+XGLhR8ze3unN0KZCgZwiSSDz168VERjK8Wl8kVSdcu2kspd4s4wtAa1y/qrVRiAA0WclVsu0ng==
  dependencies:
    assert-plus "^1.0.0"

har-schema@^1.0.5:
  version "1.0.5"
  resolved "https://registry.npmjs.org/har-schema/-/har-schema-1.0.5.tgz"
  integrity sha512-f8xf2GOR6Rgwc9FPTLNzgwB+JQ2/zMauYXSWmX5YV5acex6VomT0ocSuwR7BfXo5MpHi+jL+saaux2fwsGJDKQ==

har-validator@~4.2.1:
  version "4.2.1"
  resolved "https://registry.npmjs.org/har-validator/-/har-validator-4.2.1.tgz"
  integrity sha512-5Gbp6RAftMYYV3UEI4c4Vv3+a4dQ7taVyvHt+/L6kRt+f4HX1GweAk5UDWN0SvdVnRBzGQ6OG89pGaD9uSFnVw==
  dependencies:
    ajv "^4.9.1"
    har-schema "^1.0.5"

hawk@~3.1.3:
  version "3.1.3"
  resolved "https://registry.npmjs.org/hawk/-/hawk-3.1.3.tgz"
  integrity sha512-X8xbmTc1cbPXcQV4WkLcRMALuyoxhfpFATmyuCxJPOAvrDS4DNnsTAOmKUxMTOWU6TzrTOkxPKwIx5ZOpJVSrg==
  dependencies:
    boom "2.x.x"
    cryptiles "2.x.x"
    hoek "2.x.x"
    sntp "1.x.x"

hoek@2.x.x:
  version "2.16.3"
  resolved "https://registry.npmjs.org/hoek/-/hoek-2.16.3.tgz"
  integrity sha512-V6Yw1rIcYV/4JsnggjBU0l4Kr+EXhpwqXRusENU1Xx6ro00IHPHYNynCuBTOZAPlr3AAmLvchH9I7N/VUdvOwQ==

htmlparser2@^3.9.1:
  version "3.9.2"
  resolved "http://registry.npm.taobao.org/htmlparser2/download/htmlparser2-3.9.2.tgz"
  integrity sha512-RSOwLNCnCLDRB9XpSfCzsLzzX8COezhJ3D4kRBNWh0NC/facp1hAMmM8zD7kC01My8vD6lGEbPMlbRW/EwGK5w==
  dependencies:
    domelementtype "^1.3.0"
    domhandler "^2.3.0"
    domutils "^1.5.1"
    entities "^1.1.1"
    inherits "^2.0.1"
    readable-stream "^2.0.2"

http-basic@^2.5.1:
  version "2.5.1"
  resolved "http://registry.npm.taobao.org/http-basic/download/http-basic-2.5.1.tgz"
  integrity sha512-q/qOkgjcnZ90v0wSaMwamhfAhIf6lhOsH0ehHFnQHAt1lA9MedSnmqEEnh8bq0njTBAK3IsmS2gEuXryfWCDkw==
  dependencies:
    caseless "~0.11.0"
    concat-stream "^1.4.6"
    http-response-object "^1.0.0"

http-response-object@^1.0.0, http-response-object@^1.1.0:
  version "1.1.0"
  resolved "http://registry.npm.taobao.org/http-response-object/download/http-response-object-1.1.0.tgz"
  integrity sha512-adERueQxEMtIfGk4ee/9CG7AGUjS09OyHeKrubTjmHUsEVXesrGlZLWYnCL8fajPZIX9H4NDnXyyzBPrF078sA==

http-signature@~1.1.0:
  version "1.1.1"
  resolved "https://registry.npmjs.org/http-signature/-/http-signature-1.1.1.tgz"
  integrity sha512-iUn0NcRULlDGtqNLN1Jxmzayk8ogm7NToldASyZBpM2qggbphjXzNOiw3piN8tgz+e/DRs6X5gAzFwTI6BCRcg==
  dependencies:
    assert-plus "^0.2.0"
    jsprim "^1.2.2"
    sshpk "^1.7.0"

inherits@^2.0.1, inherits@^2.0.3, inherits@~2.0.3:
  version "2.0.3"
  resolved "http://registry.npm.taobao.org/inherits/download/inherits-2.0.3.tgz"
  integrity sha512-x00IRNXNy63jwGkJmzPigoySHbaqpNuzKbBOmzK+g2OdZpQ9w+sxCN+VSB3ja7IAge2OP2qpfxTjeNcyjmW1uw==

is-typedarray@~1.0.0:
  version "1.0.0"
  resolved "https://registry.npmjs.org/is-typedarray/-/is-typedarray-1.0.0.tgz"
  integrity sha512-cyA56iCMHAh5CdzjJIa4aohJyeO1YbwLi3Jc35MmRU6poroFjIGZzUzupGiRPOjgHg9TLu43xbpwXk523fMxKA==

isarray@~1.0.0:
  version "1.0.0"
  resolved "http://registry.npm.taobao.org/isarray/download/isarray-1.0.0.tgz"
  integrity sha512-VLghIWNM6ELQzo7zwmcg0NmTVyWKYjvIeM83yjp0wRDTmUnrM678fQbcKBo6n2CJEF0szoG//ytg+TKla89ALQ==

isstream@~0.1.2:
  version "0.1.2"
  resolved "https://registry.npmjs.org/isstream/-/isstream-0.1.2.tgz"
  integrity sha512-Yljz7ffyPbrLpLngrMtZ7NduUgVvi6wG9RJ9IUcyCd59YQ911PBJphODUcbOVbqYfxe1wuYf/LJ8PauMRwsM/g==

jsbn@~0.1.0:
  version "0.1.1"
  resolved "https://registry.npmjs.org/jsbn/-/jsbn-0.1.1.tgz"
  integrity sha512-UVU9dibq2JcFWxQPA6KCqj5O42VOmAY3zQUfEKxU0KpTGXwNoCjkX1e13eHNvw/xPynt6pU0rZ1htjWTNTSXsg==

json-schema@0.2.3:
  version "0.2.3"
  resolved "https://registry.npmjs.org/json-schema/-/json-schema-0.2.3.tgz"
  integrity sha512-a3xHnILGMtk+hDOqNwHzF6e2fNbiMrXZvxKQiEv2MlgQP+pjIOzqAmKYD2mDpXYE/44M7g+n9p2bKkYWDUcXCQ==

json-stable-stringify@^1.0.1:
  version "1.0.1"
  resolved "https://registry.npmjs.org/json-stable-stringify/-/json-stable-stringify-1.0.1.tgz"
  integrity sha512-i/J297TW6xyj7sDFa7AmBPkQvLIxWr2kKPWI26tXydnZrzVAocNqn5DMNT1Mzk0vit1V5UkRM7C1KdVNp7Lmcg==
  dependencies:
    jsonify "~0.0.0"

json-stringify-safe@~5.0.1:
  version "5.0.1"
  resolved "https://registry.npmjs.org/json-stringify-safe/-/json-stringify-safe-5.0.1.tgz"
  integrity sha512-ZClg6AaYvamvYEE82d3Iyd3vSSIjQ+odgjaTzRuO3s7toCdFKczob2i0zCh7JE8kWn17yvAWhUVxvqGwUalsRA==

jsonify@~0.0.0:
  version "0.0.0"
  resolved "https://registry.npmjs.org/jsonify/-/jsonify-0.0.0.tgz"
  integrity sha512-trvBk1ki43VZptdBI5rIlG4YOzyeH/WefQt5rj1grasPn4iiZWKet8nkgc4GlsAylaztn0qZfUYOiTsASJFdNA==

jsprim@^1.2.2:
  version "1.4.1"
  resolved "https://registry.npmjs.org/jsprim/-/jsprim-1.4.1.tgz"
  integrity sha512-4Dj8Rf+fQ+/Pn7C5qeEX02op1WfOss3PKTE9Nsop3Dx+6UPxlm1dr/og7o2cRa5hNN07CACr4NFzRLtj/rjWog==
  dependencies:
    assert-plus "1.0.0"
    extsprintf "1.3.0"
    json-schema "0.2.3"
    verror "1.10.0"

lodash@^4.15.0:
  version "4.17.4"
  resolved "http://registry.npm.taobao.org/lodash/download/lodash-4.17.4.tgz"
  integrity sha512-6X37Sq9KCpLSXEh8uM12AKYlviHPNNk4RxiGBn4cmKGJinbXBneWIV7iE/nXkM928O7ytHcHb6+X6Svl0f4hXg==

mime-db@~1.29.0:
  version "1.29.0"
  resolved "https://registry.npmjs.org/mime-db/-/mime-db-1.29.0.tgz"
  integrity sha512-7lKSppGEWkMwBxzcWKCwXreQ0GDj0fPtlwQG+jvtSMDICY1jTgYxnGmAFP35eIDmC2ldkJQdXj0Ot/j7tyahcA==

mime-types@^2.1.12, mime-types@~2.1.7:
  version "2.1.16"
  resolved "https://registry.npmjs.org/mime-types/-/mime-types-2.1.16.tgz"
  integrity sha512-YjTLbZxlgVrR0Gv3KxaqEcTDMoxI+kjRw8box2aRPm0IDtIqP6hC6pv5F2ONy7UcgTtSQE6zAqkZE7jDP0gb1g==
  dependencies:
    mime-db "~1.29.0"

nth-check@~1.0.1:
  version "1.0.1"
  resolved "http://registry.npm.taobao.org/nth-check/download/nth-check-1.0.1.tgz"
  integrity sha512-lTD1gl0OIJzVFadNdZ1Tc+Z1vqRlYr6syYgCvhtoOxl5T3c8mufKaJ0XEiaJ+HQSYbCaSH/NP5m5p+so/nTOOA==
  dependencies:
    boolbase "~1.0.0"

oauth-sign@~0.8.1:
  version "0.8.2"
  resolved "https://registry.npmjs.org/oauth-sign/-/oauth-sign-0.8.2.tgz"
  integrity sha512-VlF07iu3VV3+BTXj43Nmp6Irt/G7j/NgEctUS6IweH1RGhURjjCc2NWtzXFPXXWWfc7hgbXQdtiQu2LGp6MxUg==

parse5@^3.0.1:
  version "3.0.2"
  resolved "http://registry.npm.taobao.org/parse5/download/parse5-3.0.2.tgz"
  integrity sha512-yQW05f47bKFJa0WdnyzP7vh7+B+w8jhVsFBBiaEbIfNDSSt8GADBhcQgsdYxatQ7rVs1nU9cmsYXURGWBH3Siw==
  dependencies:
    "@types/node" "^6.0.46"

performance-now@^0.2.0:
  version "0.2.0"
  resolved "https://registry.npmjs.org/performance-now/-/performance-now-0.2.0.tgz"
  integrity sha512-YHk5ez1hmMR5LOkb9iJkLKqoBlL7WD5M8ljC75ZfzXriuBIVNuecaXuU7e+hOwyqf24Wxhh7Vxgt7Hnw9288Tg==

process-nextick-args@~1.0.6:
  version "1.0.7"
  resolved "http://registry.npm.taobao.org/process-nextick-args/download/process-nextick-args-1.0.7.tgz"
  integrity sha512-yN0WQmuCX63LP/TMvAg31nvT6m4vDqJEiiv2CAZqWOGNWutc9DfDk1NPYYmKUFmaVM2UwDowH4u5AHWYP/jxKw==

promise@^7.1.1:
  version "7.3.1"
  resolved "http://registry.npm.taobao.org/promise/download/promise-7.3.1.tgz"
  integrity sha512-nolQXZ/4L+bP/UGlkfaIujX9BKxGwmQ9OT4mOt5yvy8iK1h3wqTEJCijzGANTCCl9nWjY41juyAn2K3Q1hLLTg==
  dependencies:
    asap "~2.0.3"

punycode@^1.4.1:
  version "1.4.1"
  resolved "https://registry.npmjs.org/punycode/-/punycode-1.4.1.tgz"
  integrity sha512-jmYNElW7yvO7TV33CjSmvSiE2yco3bV2czu/OzDKdMNVZQWfxCblURLhf+47syQRBntjfLdd/H0egrzIG+oaFQ==

qs@^6.1.0, qs@~6.4.0:
  version "6.4.0"
  resolved "https://registry.npmjs.org/qs/-/qs-6.4.0.tgz"
  integrity sha512-Qs6dfgR5OksK/PSxl1kGxiZgEQe8RqJMB9wZqVlKQfU+zzV+HY77pWJnoJENACKDQByWdpr8ZPIh1TBi4lpiSQ==

readable-stream@^2.0.2, readable-stream@^2.2.2:
  version "2.3.3"
  resolved "http://registry.npm.taobao.org/readable-stream/download/readable-stream-2.3.3.tgz"
  integrity sha512-m+qzzcn7KUxEmd1gMbchF+Y2eIUbieUaxkWtptyHywrX0rE8QEYqPC07Vuy4Wm32/xE16NcdBctb8S0Xe/5IeQ==
  dependencies:
    core-util-is "~1.0.0"
    inherits "~2.0.3"
    isarray "~1.0.0"
    process-nextick-args "~1.0.6"
    safe-buffer "~5.1.1"
    string_decoder "~1.0.3"
    util-deprecate "~1.0.1"

request@^2.81.0:
  version "2.81.0"
  resolved "https://registry.npmjs.org/request/-/request-2.81.0.tgz"
  integrity sha512-IZnsR7voF0miGSu29EXPRgPTuEsI/+aibNSBbN1pplrfartF5wDYGADz3iD9vmBVf2r00rckWZf8BtS5kk7Niw==
  dependencies:
    aws-sign2 "~0.6.0"
    aws4 "^1.2.1"
    caseless "~0.12.0"
    combined-stream "~1.0.5"
    extend "~3.0.0"
    forever-agent "~0.6.1"
    form-data "~2.1.1"
    har-validator "~4.2.1"
    hawk "~3.1.3"
    http-signature "~1.1.0"
    is-typedarray "~1.0.0"
    isstream "~0.1.2"
    json-stringify-safe "~5.0.1"
    mime-types "~2.1.7"
    oauth-sign "~0.8.1"
    performance-now "^0.2.0"
    qs "~6.4.0"
    safe-buffer "^5.0.1"
    stringstream "~0.0.4"
    tough-cookie "~2.3.0"
    tunnel-agent "^0.6.0"
    uuid "^3.0.0"

safe-buffer@^5.0.1, safe-buffer@~5.1.0, safe-buffer@~5.1.1:
  version "5.1.1"
  resolved "http://registry.npm.taobao.org/safe-buffer/download/safe-buffer-5.1.1.tgz"
  integrity sha512-kKvNJn6Mm93gAczWVJg7wH+wGYWNrDHdWvpUmHyEsgCtIwwo3bqPtV4tR5tuPaUhTOo/kvhVwd8XwwOllGYkbg==

sntp@1.x.x:
  version "1.0.9"
  resolved "https://registry.npmjs.org/sntp/-/sntp-1.0.9.tgz"
  integrity sha512-7bgVOAnPj3XjrKY577S+puCKGCRlUrcrEdsMeRXlg9Ghf5df/xNi6sONUa43WrHUd3TjJBF7O04jYoiY0FVa0A==
  dependencies:
    hoek "2.x.x"

sshpk@^1.7.0:
  version "1.13.1"
  resolved "https://registry.npmjs.org/sshpk/-/sshpk-1.13.1.tgz"
  integrity sha512-oKPL4k+ld5d737ZPB4VM99bqNb3JH+ZkxwWXR1iSPtqYbZv81hkLD7v8gmclrgR7aA8uh8ar+q0IF7gHFHg7PQ==
  dependencies:
    asn1 "~0.2.3"
    assert-plus "^1.0.0"
    dashdash "^1.12.0"
    getpass "^0.1.1"
  optionalDependencies:
    bcrypt-pbkdf "^1.0.0"
    ecc-jsbn "~0.1.1"
    jsbn "~0.1.0"
    tweetnacl "~0.14.0"

string_decoder@~1.0.3:
  version "1.0.3"
  resolved "http://registry.npm.taobao.org/string_decoder/download/string_decoder-1.0.3.tgz"
  integrity sha512-4AH6Z5fzNNBcH+6XDMfA/BTt87skxqJlO0lAh3Dker5zThcAxG6mKz+iGu308UKoPPQ8Dcqx/4JhujzltRa+hQ==
  dependencies:
    safe-buffer "~5.1.0"

stringstream@~0.0.4:
  version "0.0.5"
  resolved "https://registry.npmjs.org/stringstream/-/stringstream-0.0.5.tgz"
  integrity sha512-QUQ1kThMjLRt4jA8lsn9lyIkE9bKafE7LDOL/nBBUY9Tfv2i3x1NAsVHG0uMCusFOWeeI6COhY/F20+avxRWSw==

sync-request@^4.1.0:
  version "4.1.0"
  resolved "http://registry.npm.taobao.org/sync-request/download/sync-request-4.1.0.tgz"
  integrity sha512-iFbOBWYaznBNbheIKaMkj+3EabpEsXbuwcTVuYkRjoav+Om5L8VXXLIXms0cHxkouXMRCQaSfhfau9/HyIbM2Q==
  dependencies:
    command-exists "^1.2.2"
    concat-stream "^1.6.0"
    get-port "^3.1.0"
    http-response-object "^1.1.0"
    then-request "^2.2.0"

then-request@^2.2.0:
  version "2.2.0"
  resolved "http://registry.npm.taobao.org/then-request/download/then-request-2.2.0.tgz"
  integrity sha512-YM/Fho1bQ3JFX9dgFQsBswc3aSTePXvtNHl3aXJTZNz/444yC86EVJR92aWMRNA0O9X0UfmojyCTUcT8Lbo5yA==
  dependencies:
    caseless "~0.11.0"
    concat-stream "^1.4.7"
    http-basic "^2.5.1"
    http-response-object "^1.1.0"
    promise "^7.1.1"
    qs "^6.1.0"

tough-cookie@~2.3.0:
  version "2.3.2"
  resolved "https://registry.npmjs.org/tough-cookie/-/tough-cookie-2.3.2.tgz"
  integrity sha512-42UXjmzk88F7URyg9wDV/dlQ7hXtl/SDV6xIMVdDq82cnDGQDyg8mI8xGBPOwpEfbhvrja6cJ8H1wr0xxykBKA==
  dependencies:
    punycode "^1.4.1"

tunnel-agent@^0.6.0:
  version "0.6.0"
  resolved "https://registry.npmjs.org/tunnel-agent/-/tunnel-agent-0.6.0.tgz"
  integrity sha512-McnNiV1l8RYeY8tBgEpuodCC1mLUdbSN+CYBL7kJsJNInOP8UjDDEwdk6Mw60vdLLrr5NHKZhMAOSrR2NZuQ+w==
  dependencies:
    safe-buffer "^5.0.1"

tweetnacl@^0.14.3, tweetnacl@~0.14.0:
  version "0.14.5"
  resolved "https://registry.npmjs.org/tweetnacl/-/tweetnacl-0.14.5.tgz"
  integrity sha512-KXXFFdAbFXY4geFIwoyNK+f5Z1b7swfXABfL7HXCmoIWMKU3dmS26672A4EeQtDzLKy7SXmfBu51JolvEKwtGA==

typedarray@^0.0.6:
  version "0.0.6"
  resolved "http://registry.npm.taobao.org/typedarray/download/typedarray-0.0.6.tgz"
  integrity sha512-/aCDEGatGvZ2BIk+HmLf4ifCJFwvKFNb9/JeZPMulfgFracn9QFcAf5GO8B/mweUjSoblS5In0cWhqpfs/5PQA==

util-deprecate@~1.0.1:
  version "1.0.2"
  resolved "http://registry.npm.taobao.org/util-deprecate/download/util-deprecate-1.0.2.tgz"
  integrity sha512-EPD5q1uXyFxJpCrLnCc1nHnq3gOa6DZBocAIiI2TaSCA7VCJ1UJDMagCzIkXNsUYfD1daK//LTEQ8xiIbrHtcw==

uuid@^3.0.0:
  version "3.1.0"
  resolved "https://registry.npmjs.org/uuid/-/uuid-3.1.0.tgz"
  integrity sha512-DIWtzUkw04M4k3bf1IcpS2tngXEL26YUD2M0tMDUpnUrz2hgzUBlD55a4FjdLGPvfHxS6uluGWvaVEqgBcVa+g==

verror@1.10.0:
  version "1.10.0"
  resolved "https://registry.npmjs.org/verror/-/verror-1.10.0.tgz"
  integrity sha512-ZZKSmDAEFOijERBLkmYfJ+vmk3w+7hOLYDNkRCuRuMJGEmqYNCNLyBBFwWKVMhfwaEF3WOd0Zlw86U/WC/+nYw==
  dependencies:
    assert-plus "^1.0.0"
    core-util-is "1.0.2"
    extsprintf "^1.2.0"
